github.com/avast/retry-go v2.5.0+incompatible h1:8SaFqliw34WeeaPs+GEtMMkiwEsC2S6+YyqnLqI55Ks=
github.com/avast/retry-go v2.5.0+incompatible/go.mod h1:XtSnn+n/sHqQIpZ10K1qAevBhOOCWBLXXy3hyiqqBrY=
github.com/cdzombak/golang-ical v0.0.0-20191115194650-615e903d90b7 h1:ZThB8tllmdHmXqmqoPiwEYxASQB1T3IhVxpskUMVh4I=
github.com/cdzombak/golang-ical v0.0.0-20191115194650-615e903d90b7/go.mod h1:iDFK01A1Yb5HiGn6YEaZ516fCow5FnEAjyMfOOIYMuo=
github.com/davecgh/go-spew v1.1.0 h1:ZDRjVQ15GmhC3fiQ8ni8+OwkZQO4DARzQgrnXU1Liz8=
github.com/davecgh/go-spew v1.1.0/go.mod h1:J7Y8YcW2NihsgmVo/mv3lAwl/skON4iLHjSsI+c5H38=
github.com/google/go-cmp v0.7.0 h1:wk8382ETsv4JYUZwIsn6YpYiWiBsYLSJiTsyBybVuN8=
github.com/google/go-cmp v0.7.0/go.mod h1:pXiqmnSA92OHEEa9HXL2W4E7lf9JzCmGVUdgjX3N/iU=
github.com/nathan-osman/go-sunrise v1.1.0 h1:ZqZmtmtzs8Os/DGQYi0YMHpuUqR/iRoJK+wDO0wTCw8=
github.com/nathan-osman/go-sunrise v1.1.0/go.mod h1:RcWqhT+5ShCZDev79GuWLayetpJp78RSjSWxiDowmlM=
github.com/pmezard/go-difflib v1.0.0 h1:4DBwDE0NGyQoBHbLQYPwSUPoCMWR5BEzIk/f1lZbAQM=
github.com/pmezard/go-difflib v1.0.0/go.mod h1:iKH77koFhYxTK1pcRnkKkqfTogsbg7gZNVY4sRDYZ/4=
github.com/ringsaturn/go-cities.json v0.6.13 h1:p5afPcJ/tEE6uzFCOzLSHJYXgWnGdPmwZB9KBrEASxc=
github.com/ringsaturn/go-cities.json v0.6.13/go.mod h1:VtklT4Sod9i6kvXXNZV63sfjeCX9l11OQfaAvPu+p4M=
github.com/ringsaturn/orb v0.15.0 h1:+jLFo3JzHX2yg5kILpfcLHokKXywqNHBtgEDo6SJOuk=
github.com/ringsaturn/orb v0.15.0/go.mod h1:kF8F7MSKFRPm0HxTzlLz8k/jkexsV3MVcultHKVFmzg=
github.com/ringsaturn/tzf v1.2.5 h1:bkZqp++IkuiHXArgY0H7kpxkW57sTgC1Pi8IjNCRl1A=
github.com/ringsaturn/tzf v1.2.5/go.mod h1:EyV2g/W08JginFQWHE8sr47BKZxyOkhAEyiO53CaK9Y=
github.com/ringsaturn/tzf-dist v0.0.2026-c-fix1 h1:GPSbb2L+LSfEvrMXAC25VT0n+MMk80W+qnUpnIA48TI=
github.com/ringsaturn/tzf-dist v0.0.2026-c-fix1/go.mod h1:MLn3mRLioai5ceZLV8k+uAr4cLxdVEHoTQIGKpuVS/c=
github.com/stretchr/objx v0.1.0/go.mod h1:HFkY916IF+rwdDfMAkV7OtwuqBVzrE8GR6GFx+wExME=
github.com/stretchr/testify v1.4.0 h1:2E4SXV/wtOkTonXsotYi4li6zVWxYlZuYNCXe9XRJyk=
github.com/stretchr/testify v1.4.0/go.mod h1:j7eGeouHqKxXV5pUuKE4zz7dFj8WfuZ+81PSLYec5m4=
github.com/tidwall/cities v0.1.0 h1:CVNkmMf7NEC9Bvokf5GoSsArHCKRMTgLuubRTHnH0mE=
github.com/tidwall/cities v0.1.0/go.mod h1:lV/HDp2gCcRcHJWqgt6Di54GiDrTZwh1aG2ZUPNbqa4=
github.com/tidwall/geoindex v1.7.0 h1:jtk41sfgwIt8MEDyC3xyKSj75iXXf6rjReJGDNPtR5o=
github.com/tidwall/geoindex v1.7.0/go.mod h1:rvVVNEFfkJVWGUdEfU8QaoOg/9zFX0h9ofWzA60mz1I=
github.com/tidwall/lotsa v1.0.2 h1:dNVBH5MErdaQ/xd9s769R31/n2dXavsQ0Yf4TMEHHw8=
github.com/tidwall/lotsa v1.0.2/go.mod h1:X6NiU+4yHA3fE3Puvpnn1XMDrFZrE9JO2/w+UMuqgR8=
github.com/tidwall/rtree v1.10.0 h1:+EcI8fboEaW1L3/9oW/6AMoQ8HiEIHyR7bQOGnmz4Mg=
github.com/tidwall/rtree v1.10.0/go.mod h1:iDJQ9NBRtbfKkzZu02za+mIlaP+bjYPnunbSNidpbCQ=
google.golang.org/protobuf v1.36.11 h1:fV6ZwhNocDyBLK0dj+fg8ektcVegBBuEolpbTQyBNVE=
google.golang.org/protobuf v1.36.11/go.mod h1:HTf+CrKn2C3g5S8VImy6tdcUvCska2kB7j23XfzDpco=
gopkg.in/check.v1 v0.0.0-20161208181325-20d25e280405/go.mod h1:Co6ibVJAznAaIkqp8huTwlJQCZ016jof/cbN4VW5Yz0=
gopkg.in/yaml.v2 v2.2.2 h1:ZCJp+EgiOT7lHqUV2J862kp8Qj64Jo6az82+3Td9dZw=
gopkg.in/yaml.v2 v2.2.2/go.mod h1:hI93XBmqTisBFMUTm0b8Fm+jr3Dg1NNxqwp+5A1VGuI=
